<?xml version="1.0" encoding="utf-8"?>
<Project ToolsVersion="4.0" xmlns="http://schemas.microsoft.com/developer/msbuild/2003">
  <ItemGroup>
    <Filter Include="Файлы исходного кода">
      <UniqueIdentifier>{4FC737F1-C7A5-4376-A066-2A32D752A2FF}</UniqueIdentifier>
      <Extensions>cpp;c;cc;cxx;def;odl;idl;hpj;bat;asm;asmx</Extensions>
    </Filter>
    <Filter Include="Заголовочные файлы">
      <UniqueIdentifier>{93995380-89BD-4b04-88EB-625FBE52EBFB}</UniqueIdentifier>
      <Extensions>h;hh;hpp;hxx;hm;inl;inc;xsd</Extensions>
    </Filter>
    <Filter Include="Файлы ресурсов">
      <UniqueIdentifier>{67DA6AB6-F800-4c08-8B7A-83BB121AAD01}</UniqueIdentifier>
      <Extensions>rc;ico;cur;bmp;dlg;rc2;rct;bin;rgs;gif;jpg;jpeg;jpe;resx;tiff;tif;png;wav;mfcribbon-ms</Extensions>
    </Filter>
    <Filter Include="Заголовочные файлы\BookCreators">
      <UniqueIdentifier>{60c5d8b5-577a-4457-a870-6ed7e2bf1a6c}</UniqueIdentifier>
    </Filter>
    <Filter Include="Заголовочные файлы\Books">
      <UniqueIdentifier>{70392e5c-7d68-45db-a149-eb2a28bc1e09}</UniqueIdentifier>
    </Filter>
    <Filter Include="Файлы ресурсов\BookCreators">
      <UniqueIdentifier>{3a479279-6daf-4f75-bc83-3cc51750ede5}</UniqueIdentifier>
    </Filter>
    <Filter Include="Файлы ресурсов\Books">
      <UniqueIdentifier>{899ab6c5-a791-4774-8645-ca0f8c905244}</UniqueIdentifier>
    </Filter>
  </ItemGroup>
  <ItemGroup>
    <ClCompile Include="main.cpp">
      <Filter>Файлы ресурсов</Filter>
    </ClCompile>
    <ClCompile Include="Menu.cpp">
      <Filter>Файлы ресурсов</Filter>
    </ClCompile>
    <ClCompile Include="Library.cpp">
      <Filter>Файлы ресурсов</Filter>
    </ClCompile>
    <ClCompile Include="BookCreator.cpp">
      <Filter>Файлы ресурсов\BookCreators</Filter>
    </ClCompile>
    <ClCompile Include="FictionBookCreator.cpp">
      <Filter>Файлы ресурсов\BookCreators</Filter>
    </ClCompile>
    <ClCompile Include="SchoolBookCreator.cpp">
      <Filter>Файлы ресурсов\BookCreators</Filter>
    </ClCompile>
    <ClCompile Include="Book.cpp">
      <Filter>Файлы ресурсов\Books</Filter>
    </ClCompile>
    <ClCompile Include="FictionBook.cpp">
      <Filter>Файлы ресурсов\Books</Filter>
    </ClCompile>
    <ClCompile Include="SchoolBook.cpp">
      <Filter>Файлы ресурсов\Books</Filter>
    </ClCompile>
    <ClCompile Include="LibrarySerializer.cpp">
      <Filter>Файлы ресурсов</Filter>
    </ClCompile>
  </ItemGroup>
  <ItemGroup>
    <ClInclude Include="Menu.h">
      <Filter>Заголовочные файлы</Filter>
    </ClInclude>
    <ClInclude Include="Libraryh.h">
      <Filter>Заголовочные файлы</Filter>
    </ClInclude>
    <ClInclude Include="LibrarySerializer.h">
      <Filter>Заголовочные файлы</Filter>
    </ClInclude>
    <ClInclude Include="BookCreator.h">
      <Filter>Заголовочные файлы\BookCreators</Filter>
    </ClInclude>
    <ClInclude Include="FictionBookCreator.h">
      <Filter>Заголовочные файлы\BookCreators</Filter>
    </ClInclude>
    <ClInclude Include="SchoolBookCreator.h">
      <Filter>Заголовочные файлы\BookCreators</Filter>
    </ClInclude>
    <ClInclude Include="Book.h">
      <Filter>Заголовочные файлы\Books</Filter>
    </ClInclude>
    <ClInclude Include="FictionBook.h">
      <Filter>Заголовочные файлы\Books</Filter>
    </ClInclude>
    <ClInclude Include="SchoolBook.h">
      <Filter>Заголовочные файлы\Books</Filter>
    </ClInclude>
  </ItemGroup>
</Project>